
Microsoft Visual Studio Solution File, Format Version 12.00
# Visual Studio Version 16
VisualStudioVersion = 16.0.31019.35
MinimumVisualStudioVersion = 10.0.40219.1
Project("{FAE04EC0-301F-11D3-BF4B-00C04F79EFBC}") = "AuthenticatorConsoleApp", "DCAssignment1\AuthenticatorConsoleApp.csproj", "{EEF29C0A-D850-47EB-9180-0B4475C7F603}"
EndProject
Project("{FAE04EC0-301F-11D3-BF4B-00C04F79EFBC}") = "ServiceProviderWebApp", "ServiceProviderWebApp\ServiceProviderWebApp.csproj", "{35979A03-385C-4618-B8F4-A014008F273C}"
EndProject
Project("{FAE04EC0-301F-11D3-BF4B-00C04F79EFBC}") = "RegistryWebApp", "RegistryWebApp\RegistryWebApp.csproj", "{C47926A3-D400-4D73-849F-C0136325D795}"
EndProject
Project("{FAE04EC0-301F-11D3-BF4B-00C04F79EFBC}") = "ServicePublishingConsoleApp", "ServicePublishingConsoleApp\ServicePublishingConsoleApp.csproj", "{B877BAB0-BEE5-4D4C-9259-890DEFA0F36B}"
EndProject
Project("{FAE04EC0-301F-11D3-BF4B-00C04F79EFBC}") = "ClientGUIWpfApp", "ClientGUIWpfApp\ClientGUIWpfApp.csproj", "{D04BEA3D-DAC2-4554-B772-6EA421AC5CB4}"
EndProject
Project("{FAE04EC0-301F-11D3-BF4B-00C04F79EFBC}") = "InterfaceLib", "InterfaceLib\InterfaceLib.csproj", "{688C827F-5620-43C7-B9E3-698893034AC2}"
EndProject
Project("{FAE04EC0-301F-11D3-BF4B-00C04F79EFBC}") = "APIClasses", "APIClasses\APIClasses.csproj", "{C370FE1B-48DB-4135-9EEB-E0BF85FE922D}"
EndProject
Global
	GlobalSection(SolutionConfigurationPlatforms) = preSolution
		Debug|Any CPU = Debug|Any CPU
		Release|Any CPU = Release|Any CPU
	EndGlobalSection
	GlobalSection(ProjectConfigurationPlatforms) = postSolution
		{EEF29C0A-D850-47EB-9180-0B4475C7F603}.Debug|Any CPU.ActiveCfg = Debug|Any CPU
		{EEF29C0A-D850-47EB-9180-0B4475C7F603}.Debug|Any CPU.Build.0 = Debug|Any CPU
		{EEF29C0A-D850-47EB-9180-0B4475C7F603}.Release|Any CPU.ActiveCfg = Release|Any CPU
		{EEF29C0A-D850-47EB-9180-0B4475C7F603}.Release|Any CPU.Build.0 = Release|Any CPU
		{35979A03-385C-4618-B8F4-A014008F273C}.Debug|Any CPU.ActiveCfg = Debug|Any CPU
		{35979A03-385C-4618-B8F4-A014008F273C}.Debug|Any CPU.Build.0 = Debug|Any CPU
		{35979A03-385C-4618-B8F4-A014008F273C}.Release|Any CPU.ActiveCfg = Release|Any CPU
		{35979A03-385C-4618-B8F4-A014008F273C}.Release|Any CPU.Build.0 = Release|Any CPU
		{C47926A3-D400-4D73-849F-C0136325D795}.Debug|Any CPU.ActiveCfg = Debug|Any CPU
		{C47926A3-D400-4D73-849F-C0136325D795}.Debug|Any CPU.Build.0 = Debug|Any CPU
		{C47926A3-D400-4D73-849F-C0136325D795}.Release|Any CPU.ActiveCfg = Release|Any CPU
		{C47926A3-D400-4D73-849F-C0136325D795}.Release|Any CPU.Build.0 = Release|Any CPU
		{B877BAB0-BEE5-4D4C-9259-890DEFA0F36B}.Debug|Any CPU.ActiveCfg = Debug|Any CPU
		{B877BAB0-BEE5-4D4C-9259-890DEFA0F36B}.Debug|Any CPU.Build.0 = Debug|Any CPU
		{B877BAB0-BEE5-4D4C-9259-890DEFA0F36B}.Release|Any CPU.ActiveCfg = Release|Any CPU
		{B877BAB0-BEE5-4D4C-9259-890DEFA0F36B}.Release|Any CPU.Build.0 = Release|Any CPU
		{D04BEA3D-DAC2-4554-B772-6EA421AC5CB4}.Debug|Any CPU.ActiveCfg = Debug|Any CPU
		{D04BEA3D-DAC2-4554-B772-6EA421AC5CB4}.Debug|Any CPU.Build.0 = Debug|Any CPU
		{D04BEA3D-DAC2-4554-B772-6EA421AC5CB4}.Release|Any CPU.ActiveCfg = Release|Any CPU
		{D04BEA3D-DAC2-4554-B772-6EA421AC5CB4}.Release|Any CPU.Build.0 = Release|Any CPU
		{688C827F-5620-43C7-B9E3-698893034AC2}.Debug|Any CPU.ActiveCfg = Debug|Any CPU
		{688C827F-5620-43C7-B9E3-698893034AC2}.Debug|Any CPU.Build.0 = Debug|Any CPU
		{688C827F-5620-43C7-B9E3-698893034AC2}.Release|Any CPU.ActiveCfg = Release|Any CPU
		{688C827F-5620-43C7-B9E3-698893034AC2}.Release|Any CPU.Build.0 = Release|Any CPU
		{C370FE1B-48DB-4135-9EEB-E0BF85FE922D}.Debug|Any CPU.ActiveCfg = Debug|Any CPU
		{C370FE1B-48DB-4135-9EEB-E0BF85FE922D}.Debug|Any CPU.Build.0 = Debug|Any CPU
		{C370FE1B-48DB-4135-9EEB-E0BF85FE922D}.Release|Any CPU.ActiveCfg = Release|Any CPU
		{C370FE1B-48DB-4135-9EEB-E0BF85FE922D}.Release|Any CPU.Build.0 = Release|Any CPU
	EndGlobalSection
	GlobalSection(SolutionProperties) = preSolution
		HideSolutionNode = FALSE
	EndGlobalSection
	GlobalSection(ExtensibilityGlobals) = postSolution
		SolutionGuid = {4DE4F6D6-BCCF-498A-86A6-0BF12E788FC1}
	EndGlobalSection
EndGlobal
